{
  "provider_schemas": {
    "huaweicloud/huaweicloud": {
      "resource_schemas": {
        "huaweicloud_cfw_batch_delete_address_groups": {
          "block": {
            "attributes": {
              "data": {
                "type": [
                  "list",
                  [
                    "object",
                    {
                      "id": "string",
                      "name": "string"
                    }
                  ]
                ],
                "computed": true
              },
              "id": {
                "type": "string",
                "computed": true
              },
              "object_id": {
                "type": "string",
                "required": true
              },
              "region": {
                "type": "string",
                "computed": true
              },
              "set_ids": {
                "type": [
                  "list",
                  "string"
                ],
                "required": true
              }
            }
          },
          "product": {
            "short": "CFW",
            "name": "Cloud Firewall",
            "catalog": "Security & Compliance",
            "name_cn": "云防火墙",
            "catalog_cn": "安全与合规"
          }
        }
      }
    }
  }
}
