{
  "provider_schemas": {
    "huaweicloud/huaweicloud": {
      "resource_schemas": {
        "huaweicloud_dws_logical_cluster_plan": {
          "block": {
            "attributes": {
              "cluster_id": {
                "type": "string",
                "description": "The ID of the cluster to which the logical cluster plan belongs.",
                "required": true
              },
              "enabled": {
                "type": "bool",
                "description": "Whether the logical cluster plan is enabled.",
                "optional": true,
                "computed": true
              },
              "end_time": {
                "type": "string",
                "description": "The end time of the logical cluster plan, in Unix timestamp format.",
                "optional": true
              },
              "id": {
                "type": "string",
                "computed": true
              },
              "logical_cluster_name": {
                "type": "string",
                "description": "The logical cluster name.",
                "optional": true
              },
              "main_logical_cluster": {
                "type": "string",
                "description": "The main logical cluster bound to the logical cluster.",
                "optional": true,
                "computed": true
              },
              "node_num": {
                "type": "number",
                "description": "The number of logical cluster nodes.",
                "optional": true
              },
              "plan_type": {
                "type": "string",
                "description": "The plan type.",
                "required": true
              },
              "region": {
                "type": "string",
                "description": "The region where the logical cluster plan is located.",
                "computed": true
              },
              "start_time": {
                "type": "string",
                "description": "The start time of the logical cluster plan, in Unix timestamp format.",
                "optional": true
              },
              "status": {
                "type": "string",
                "description": "The status of the logical cluster plan.",
                "computed": true
              },
              "user": {
                "type": "string",
                "description": "The user bound to the logical cluster.",
                "optional": true
              }
            },
            "block_types": {
              "actions": {
                "block": {
                  "attributes": {
                    "id": {
                      "type": "string",
                      "description": "The ID of the action.",
                      "computed": true
                    },
                    "strategy": {
                      "type": "string",
                      "description": "The strategy expression or timestamp for the action.",
                      "required": true
                    },
                    "type": {
                      "type": "string",
                      "description": "The action type.",
                      "required": true
                    }
                  },
                  "description": "The list of logical cluster plan actions."
                },
                "nesting_mode": "set",
                "min_items": 1
              }
            }
          },
          "product": {
            "short": "DWS",
            "name": "Data Warehouse Service",
            "catalog": "Analytics",
            "name_cn": "数据仓库服务",
            "catalog_cn": "大数据"
          }
        }
      }
    }
  }
}
