{
  "provider_schemas": {
    "huaweicloud/huaweicloud": {
      "resource_schemas": {
        "huaweicloud_geminidb_account": {
          "block": {
            "attributes": {
              "databases": {
                "type": [
                  "set",
                  "string"
                ],
                "required": true
              },
              "id": {
                "type": "string",
                "computed": true
              },
              "instance_id": {
                "type": "string",
                "required": true
              },
              "name": {
                "type": "string",
                "required": true
              },
              "password": {
                "type": "string",
                "required": true
              },
              "privilege": {
                "type": "string",
                "required": true
              },
              "region": {
                "type": "string",
                "computed": true
              },
              "type": {
                "type": "string",
                "computed": true
              }
            }
          },
          "product": {
            "short": "GaussDBforNoSQL",
            "name": "GeminiDB",
            "catalog": "Databases",
            "name_cn": "云数据库 GeminiDB",
            "catalog_cn": "数据库"
          }
        }
      }
    }
  }
}
