{
  "provider_schemas": {
    "huaweicloud/huaweicloud": {
      "resource_schemas": {
        "huaweicloud_rfs_template_version": {
          "block": {
            "attributes": {
              "create_time": {
                "type": "string",
                "computed": true
              },
              "id": {
                "type": "string",
                "computed": true
              },
              "region": {
                "type": "string",
                "computed": true
              },
              "template_body": {
                "type": "string",
                "optional": true
              },
              "template_id": {
                "type": "string",
                "optional": true,
                "computed": true
              },
              "template_name": {
                "type": "string",
                "required": true
              },
              "template_uri": {
                "type": "string",
                "optional": true
              },
              "version_description": {
                "type": "string",
                "optional": true,
                "computed": true
              }
            }
          },
          "product": {
            "short": "RFS",
            "name": "Resource Formation",
            "catalog": "Management & Governance",
            "name_cn": "资源编排服务",
            "catalog_cn": "管理与监管"
          }
        }
      }
    }
  }
}
