{
  "provider_schemas": {
    "huaweicloud/huaweicloud": {
      "resource_schemas": {
        "huaweicloud_smn_topic_subscription": {
          "block": {
            "attributes": {
              "endpoint": {
                "type": "string",
                "optional": true
              },
              "id": {
                "type": "string",
                "computed": true
              },
              "region": {
                "type": "string",
                "computed": true
              },
              "subscription_urn": {
                "type": "string",
                "computed": true
              },
              "token": {
                "type": "string",
                "required": true,
                "sensitive": true
              },
              "topic_urn": {
                "type": "string",
                "optional": true
              }
            }
          },
          "product": {
            "short": "SMN",
            "name": "Simple Message Notification",
            "catalog": "Management & Governance",
            "name_cn": "消息通知服务",
            "catalog_cn": "管理与监管"
          }
        }
      }
    }
  }
}
